
Microsoft Visual Studio Solution File, Format Version 12.00
# Visual Studio 15
VisualStudioVersion = 15.0.28010.2046
MinimumVisualStudioVersion = 10.0.40219.1
Project("{FAE04EC0-301F-11D3-BF4B-00C04F79EFBC}") = "PioneerReceiverControl.Rx", "PioneerReceiverControl.Rx\PioneerReceiverControl.Rx.csproj", "{5535FE46-F29C-4A8F-98A2-0560BF9F9E54}"
EndProject
Project("{2150E333-8FDC-42A3-9474-1A3956D46DE8}") = "Main", "Main", "{E948306B-29FD-4A80-AD5C-169F067CCD47}"
EndProject
Project("{2150E333-8FDC-42A3-9474-1A3956D46DE8}") = "Build", "Build", "{21A33CDA-5B22-493D-88C2-F7D5AE962928}"
EndProject
Project("{2150E333-8FDC-42A3-9474-1A3956D46DE8}") = "GitHub", "GitHub", "{89A4E873-7636-4FBF-902D-4DE7DBF3FBB1}"
EndProject
Project("{2150E333-8FDC-42A3-9474-1A3956D46DE8}") = "Interface", "Interface", "{4CD58BC2-A1A3-4064-8FFD-6819BA08BE3F}"
EndProject
Project("{FAE04EC0-301F-11D3-BF4B-00C04F79EFBC}") = "IPioneerReceiverControl.Rx", "..\interface\IPioneerReceiverControl.Rx\IPioneerReceiverControl.Rx.csproj", "{7E24F8B1-35AC-4F30-918F-F1750A679FF2}"
EndProject
Global
	GlobalSection(SolutionConfigurationPlatforms) = preSolution
		Debug|Any CPU = Debug|Any CPU
		Release|Any CPU = Release|Any CPU
	EndGlobalSection
	GlobalSection(ProjectConfigurationPlatforms) = postSolution
		{5535FE46-F29C-4A8F-98A2-0560BF9F9E54}.Debug|Any CPU.ActiveCfg = Debug|Any CPU
		{5535FE46-F29C-4A8F-98A2-0560BF9F9E54}.Debug|Any CPU.Build.0 = Debug|Any CPU
		{5535FE46-F29C-4A8F-98A2-0560BF9F9E54}.Release|Any CPU.ActiveCfg = Release|Any CPU
		{5535FE46-F29C-4A8F-98A2-0560BF9F9E54}.Release|Any CPU.Build.0 = Release|Any CPU
		{7E24F8B1-35AC-4F30-918F-F1750A679FF2}.Debug|Any CPU.ActiveCfg = Debug|Any CPU
		{7E24F8B1-35AC-4F30-918F-F1750A679FF2}.Debug|Any CPU.Build.0 = Debug|Any CPU
		{7E24F8B1-35AC-4F30-918F-F1750A679FF2}.Release|Any CPU.ActiveCfg = Release|Any CPU
		{7E24F8B1-35AC-4F30-918F-F1750A679FF2}.Release|Any CPU.Build.0 = Release|Any CPU
	EndGlobalSection
	GlobalSection(SolutionProperties) = preSolution
		HideSolutionNode = FALSE
	EndGlobalSection
	GlobalSection(NestedProjects) = preSolution
		{5535FE46-F29C-4A8F-98A2-0560BF9F9E54} = {E948306B-29FD-4A80-AD5C-169F067CCD47}
		{7E24F8B1-35AC-4F30-918F-F1750A679FF2} = {4CD58BC2-A1A3-4064-8FFD-6819BA08BE3F}
	EndGlobalSection
	GlobalSection(ExtensibilityGlobals) = postSolution
		SolutionGuid = {1CD9C0CA-1C6D-491B-8BA6-8E4D402264AE}
	EndGlobalSection
EndGlobal
